
Microsoft Visual Studio Solution File, Format Version 12.00
# Visual Studio Version 16
VisualStudioVersion = 16.0.29728.190
MinimumVisualStudioVersion = 15.0.26124.0
Project("{9A19103F-16F7-4668-BE54-9A1E7A4F7556}") = "LCTFCommander", "LCTFCommander\LCTFCommander.csproj", "{785C1394-8DDA-4FF1-AB06-89F0328B8B3F}"
EndProject
Project("{54435603-DBB4-11D2-8724-00A0C9A8B90C}") = "LCTFCommanderSetup", "LCTFCommanderSetup\LCTFCommanderSetup.vdproj", "{1152D46B-5790-4D72-9006-2C3CCDBE6A30}"
EndProject
Global
	GlobalSection(SolutionConfigurationPlatforms) = preSolution
		Debug|Any CPU = Debug|Any CPU
		Debug|x64 = Debug|x64
		Debug|x86 = Debug|x86
		Release|Any CPU = Release|Any CPU
		Release|x64 = Release|x64
		Release|x86 = Release|x86
	EndGlobalSection
	GlobalSection(ProjectConfigurationPlatforms) = postSolution
		{785C1394-8DDA-4FF1-AB06-89F0328B8B3F}.Debug|Any CPU.ActiveCfg = Debug|Any CPU
		{785C1394-8DDA-4FF1-AB06-89F0328B8B3F}.Debug|Any CPU.Build.0 = Debug|Any CPU
		{785C1394-8DDA-4FF1-AB06-89F0328B8B3F}.Debug|x64.ActiveCfg = Debug|Any CPU
		{785C1394-8DDA-4FF1-AB06-89F0328B8B3F}.Debug|x64.Build.0 = Debug|Any CPU
		{785C1394-8DDA-4FF1-AB06-89F0328B8B3F}.Debug|x86.ActiveCfg = Debug|Any CPU
		{785C1394-8DDA-4FF1-AB06-89F0328B8B3F}.Debug|x86.Build.0 = Debug|Any CPU
		{785C1394-8DDA-4FF1-AB06-89F0328B8B3F}.Release|Any CPU.ActiveCfg = Release|Any CPU
		{785C1394-8DDA-4FF1-AB06-89F0328B8B3F}.Release|Any CPU.Build.0 = Release|Any CPU
		{785C1394-8DDA-4FF1-AB06-89F0328B8B3F}.Release|x64.ActiveCfg = Release|Any CPU
		{785C1394-8DDA-4FF1-AB06-89F0328B8B3F}.Release|x64.Build.0 = Release|Any CPU
		{785C1394-8DDA-4FF1-AB06-89F0328B8B3F}.Release|x86.ActiveCfg = Release|Any CPU
		{785C1394-8DDA-4FF1-AB06-89F0328B8B3F}.Release|x86.Build.0 = Release|Any CPU
		{1152D46B-5790-4D72-9006-2C3CCDBE6A30}.Debug|Any CPU.ActiveCfg = Debug
		{1152D46B-5790-4D72-9006-2C3CCDBE6A30}.Debug|x64.ActiveCfg = Debug
		{1152D46B-5790-4D72-9006-2C3CCDBE6A30}.Debug|x86.ActiveCfg = Debug
		{1152D46B-5790-4D72-9006-2C3CCDBE6A30}.Release|Any CPU.ActiveCfg = Release
		{1152D46B-5790-4D72-9006-2C3CCDBE6A30}.Release|x64.ActiveCfg = Release
		{1152D46B-5790-4D72-9006-2C3CCDBE6A30}.Release|x86.ActiveCfg = Release
	EndGlobalSection
	GlobalSection(SolutionProperties) = preSolution
		HideSolutionNode = FALSE
	EndGlobalSection
	GlobalSection(ExtensibilityGlobals) = postSolution
		SolutionGuid = {0E5C6007-6A26-4494-9053-AEBEE84F955F}
	EndGlobalSection
EndGlobal
